{
  "name": "miniprogram",
  "version": "1.0.0",
  "lockfileVersion": 1,
  "requires": true,
  "dependencies": {
    "@vant/weapp": {
      "version": "1.4.2",
      "resolved": "https://registry.npmjs.org/@vant/weapp/-/weapp-1.4.2.tgz",
      "integrity": "sha512-UKsSS2Izl+PPZFMMXL9DZdw6J3FCHDvh0T2uPvZqnQHUA8enA1K++/AaWetYuaIBxuymofY9f3C3XSVdRnO8Ww=="
    }
  }
}
